
Microsoft Visual Studio Solution File, Format Version 12.00
# Visual Studio Version 16
VisualStudioVersion = 16.0.30907.101
MinimumVisualStudioVersion = 10.0.40219.1
Project("{F184B08F-C81C-45F6-A57F-5ABD9991F28F}") = "ZarOyunu", "ZarOyunu\ZarOyunu.vbproj", "{1F96D077-94A3-4E88-BF47-B7FCE9BA1D6A}"
EndProject
Global
	GlobalSection(SolutionConfigurationPlatforms) = preSolution
		Debug|Any CPU = Debug|Any CPU
		Release|Any CPU = Release|Any CPU
	EndGlobalSection
	GlobalSection(ProjectConfigurationPlatforms) = postSolution
		{1F96D077-94A3-4E88-BF47-B7FCE9BA1D6A}.Debug|Any CPU.ActiveCfg = Debug|Any CPU
		{1F96D077-94A3-4E88-BF47-B7FCE9BA1D6A}.Debug|Any CPU.Build.0 = Debug|Any CPU
		{1F96D077-94A3-4E88-BF47-B7FCE9BA1D6A}.Release|Any CPU.ActiveCfg = Release|Any CPU
		{1F96D077-94A3-4E88-BF47-B7FCE9BA1D6A}.Release|Any CPU.Build.0 = Release|Any CPU
	EndGlobalSection
	GlobalSection(SolutionProperties) = preSolution
		HideSolutionNode = FALSE
	EndGlobalSection
	GlobalSection(ExtensibilityGlobals) = postSolution
		SolutionGuid = {0E534CE5-B7B3-41FA-9E72-4709261E7F16}
	EndGlobalSection
EndGlobal
